<?xml version="1.0" encoding="utf-8"?>
<Project ToolsVersion="4.0" xmlns="http://schemas.microsoft.com/developer/msbuild/2003">
  <ItemGroup>
    <Filter Include="Source Files">
      <UniqueIdentifier>{4FC737F1-C7A5-4376-A066-2A32D752A2FF}</UniqueIdentifier>
      <Extensions>cpp;c;cc;cxx;def;odl;idl;hpj;bat;asm;asmx</Extensions>
    </Filter>
    <Filter Include="Header Files">
      <UniqueIdentifier>{93995380-89BD-4b04-88EB-625FBE52EBFB}</UniqueIdentifier>
      <Extensions>h;hh;hpp;hxx;hm;inl;inc;xsd</Extensions>
    </Filter>
    <Filter Include="Resource Files">
      <UniqueIdentifier>{67DA6AB6-F800-4c08-8B7A-83BB121AAD01}</UniqueIdentifier>
      <Extensions>rc;ico;cur;bmp;dlg;rc2;rct;bin;rgs;gif;jpg;jpeg;jpe;resx;tiff;tif;png;wav;mfcribbon-ms</Extensions>
    </Filter>
    <Filter Include="Header Files\src">
      <UniqueIdentifier>{b0194200-c4bb-4c2b-b5e0-8e9e9fae499f}</UniqueIdentifier>
    </Filter>
    <Filter Include="Source Files\src">
      <UniqueIdentifier>{4bb2b74c-a0b2-4c57-97b3-b8bce6ae3c3b}</UniqueIdentifier>
    </Filter>
    <Filter Include="Source Files\src\abi_x86">
      <UniqueIdentifier>{50274e5d-d1c2-4eba-9db5-d247bb826f39}</UniqueIdentifier>
    </Filter>
    <Filter Include="Source Files\src\abi_x64">
      <UniqueIdentifier>{c0536d7c-1d7d-4912-8094-02eb8ae66ec4}</UniqueIdentifier>
    </Filter>
    <Filter Include="Header Files\src\abi_x86">
      <UniqueIdentifier>{0bacb3ff-119d-4e5b-8664-ede8e7d55295}</UniqueIdentifier>
    </Filter>
    <Filter Include="Header Files\src\abi_amd64">
      <UniqueIdentifier>{f4bcea7b-91db-4b44-964b-e12161b033a9}</UniqueIdentifier>
    </Filter>
    <Filter Include="Header Files\src\gen">
      <UniqueIdentifier>{aec5e7bd-55d2-4b3d-94af-f71f761a808a}</UniqueIdentifier>
    </Filter>
    <Filter Include="Header Files\src\test_com">
      <UniqueIdentifier>{a545c59b-7d90-4531-9b4e-7f4b67653f4f}</UniqueIdentifier>
    </Filter>
    <Filter Include="Source Files\src\test_com">
      <UniqueIdentifier>{c3ef134d-1cec-43b9-a346-ff016f570b2e}</UniqueIdentifier>
    </Filter>
    <Filter Include="Header Files\src\gen\abi_x86">
      <UniqueIdentifier>{59304c6a-98e5-43ab-aedc-44a6be7fa3d6}</UniqueIdentifier>
    </Filter>
    <Filter Include="Header Files\src\gen\abi_amd64">
      <UniqueIdentifier>{4ab03526-db2e-4913-8aec-8c5d5bcfdb84}</UniqueIdentifier>
    </Filter>
  </ItemGroup>
  <ItemGroup>
    <ClInclude Include="..\..\..\src\test_com\test_com.h">
      <Filter>Header Files\src\test_com</Filter>
    </ClInclude>
    <ClInclude Include="..\..\..\src\callback.h">
      <Filter>Header Files\src</Filter>
    </ClInclude>
    <ClInclude Include="..\..\..\src\com.h">
      <Filter>Header Files\src</Filter>
    </ClInclude>
    <ClInclude Include="..\..\..\src\com_util.h">
      <Filter>Header Files\src</Filter>
    </ClInclude>
    <ClInclude Include="..\..\..\src\global_refs.h">
      <Filter>Header Files\src</Filter>
    </ClInclude>
    <ClInclude Include="..\..\..\src\heap.h">
      <Filter>Header Files\src</Filter>
    </ClInclude>
    <ClInclude Include="..\..\..\src\java_enum.h">
      <Filter>Header Files\src</Filter>
    </ClInclude>
    <ClInclude Include="..\..\..\src\jni_exception.h">
      <Filter>Header Files\src</Filter>
    </ClInclude>
    <ClInclude Include="..\..\..\src\jni_util.h">
      <Filter>Header Files\src</Filter>
    </ClInclude>
    <ClInclude Include="..\..\..\src\jsdi_ole2.h">
      <Filter>Header Files\src</Filter>
    </ClInclude>
    <ClInclude Include="..\..\..\src\jsdi_windef.h">
      <Filter>Header Files\src</Filter>
    </ClInclude>
    <ClInclude Include="..\..\..\src\jsdi_windows.h">
      <Filter>Header Files\src</Filter>
    </ClInclude>
    <ClInclude Include="..\..\..\src\test.h">
      <Filter>Header Files\src</Filter>
    </ClInclude>
    <ClInclude Include="..\..\..\src\test_exports.h">
      <Filter>Header Files\src</Filter>
    </ClInclude>
    <ClInclude Include="..\..\..\src\utf16_util.h">
      <Filter>Header Files\src</Filter>
    </ClInclude>
    <ClInclude Include="..\..\..\src\util.h">
      <Filter>Header Files\src</Filter>
    </ClInclude>
    <ClInclude Include="..\..\..\src\suneido_protocol.h">
      <Filter>Header Files\src</Filter>
    </ClInclude>
    <ClInclude Include="..\..\..\src\log.h">
      <Filter>Header Files\src</Filter>
    </ClInclude>
    <ClInclude Include="..\..\..\src\version.h">
      <Filter>Header Files\src</Filter>
    </ClInclude>
    <ClInclude Include="..\..\..\src\abi_x86\stdcall_invoke.h">
      <Filter>Header Files\src\abi_x86</Filter>
    </ClInclude>
    <ClInclude Include="..\..\..\src\abi_x86\stdcall_thunk.h">
      <Filter>Header Files\src\abi_x86</Filter>
    </ClInclude>
    <ClInclude Include="..\..\..\src\abi_amd64\invoke64.h">
      <Filter>Header Files\src\abi_amd64</Filter>
    </ClInclude>
    <ClInclude Include="..\..\..\src\abi_amd64\thunk64.h">
      <Filter>Header Files\src\abi_amd64</Filter>
    </ClInclude>
    <ClInclude Include="..\..\..\src\abi_amd64\register64.h">
      <Filter>Header Files\src\abi_amd64</Filter>
    </ClInclude>
    <ClInclude Include="..\..\..\src\abi_amd64\test64.h">
      <Filter>Header Files\src\abi_amd64</Filter>
    </ClInclude>
    <ClInclude Include="..\..\..\src\gen\suneido_jsdi_JSDI.h">
      <Filter>Header Files\src\gen</Filter>
    </ClInclude>
    <ClInclude Include="..\..\..\src\gen\suneido_jsdi_com_COMobject.h">
      <Filter>Header Files\src\gen</Filter>
    </ClInclude>
    <ClInclude Include="..\..\..\src\gen\suneido_jsdi_DllFactory.h">
      <Filter>Header Files\src\gen</Filter>
    </ClInclude>
    <ClInclude Include="..\..\..\src\gen\suneido_jsdi_abi_x86_NativeCallX86.h">
      <Filter>Header Files\src\gen\abi_x86</Filter>
    </ClInclude>
    <ClInclude Include="..\..\..\src\gen\suneido_jsdi_abi_x86_ThunkManagerX86.h">
      <Filter>Header Files\src\gen\abi_x86</Filter>
    </ClInclude>
    <ClInclude Include="..\..\..\src\marshalling.h">
      <Filter>Header Files\src</Filter>
    </ClInclude>
    <ClInclude Include="..\..\..\src\gen\suneido_jsdi_abi_amd64_NativeCall64.h">
      <Filter>Header Files\src\gen\abi_amd64</Filter>
    </ClInclude>
    <ClInclude Include="..\..\..\src\gen\suneido_jsdi_abi_amd64_ThunkManager64.h">
      <Filter>Header Files\src\gen\abi_amd64</Filter>
    </ClInclude>
    <ClInclude Include="..\..\..\src\jsdi_callback.h">
      <Filter>Header Files\src</Filter>
    </ClInclude>
  </ItemGroup>
  <ItemGroup>
    <ClCompile Include="..\..\..\src\test_com\test_com.cpp">
      <Filter>Source Files\src\test_com</Filter>
    </ClCompile>
    <ClCompile Include="..\..\..\src\callback.cpp">
      <Filter>Source Files\src</Filter>
    </ClCompile>
    <ClCompile Include="..\..\..\src\com.cpp">
      <Filter>Source Files\src</Filter>
    </ClCompile>
    <ClCompile Include="..\..\..\src\com_util.cpp">
      <Filter>Source Files\src</Filter>
    </ClCompile>
    <ClCompile Include="..\..\..\src\global_refs.cpp">
      <Filter>Source Files\src</Filter>
    </ClCompile>
    <ClCompile Include="..\..\..\src\heap.cpp">
      <Filter>Source Files\src</Filter>
    </ClCompile>
    <ClCompile Include="..\..\..\src\java_enum.cpp">
      <Filter>Source Files\src</Filter>
    </ClCompile>
    <ClCompile Include="..\..\..\src\jni_exception.cpp">
      <Filter>Source Files\src</Filter>
    </ClCompile>
    <ClCompile Include="..\..\..\src\jni_util.cpp">
      <Filter>Source Files\src</Filter>
    </ClCompile>
    <ClCompile Include="..\..\..\src\main_dll.cpp">
      <Filter>Source Files\src</Filter>
    </ClCompile>
    <ClCompile Include="..\..\..\src\main_exe.cpp">
      <Filter>Source Files\src</Filter>
    </ClCompile>
    <ClCompile Include="..\..\..\src\test.cpp">
      <Filter>Source Files\src</Filter>
    </ClCompile>
    <ClCompile Include="..\..\..\src\test_exports.cpp">
      <Filter>Source Files\src</Filter>
    </ClCompile>
    <ClCompile Include="..\..\..\src\utf16_util.cpp">
      <Filter>Source Files\src</Filter>
    </ClCompile>
    <ClCompile Include="..\..\..\src\util.cpp">
      <Filter>Source Files\src</Filter>
    </ClCompile>
    <ClCompile Include="midl_iid.c">
      <Filter>Header Files\src\test_com</Filter>
    </ClCompile>
    <ClCompile Include="..\..\..\src\suneido_protocol.cpp">
      <Filter>Source Files\src</Filter>
    </ClCompile>
    <ClCompile Include="..\..\..\src\log.cpp">
      <Filter>Source Files\src</Filter>
    </ClCompile>
    <ClCompile Include="..\..\..\src\version.cpp">
      <Filter>Source Files\src</Filter>
    </ClCompile>
    <ClCompile Include="..\..\..\src\abi_x86\stdcall_invoke.cpp">
      <Filter>Source Files\src\abi_x86</Filter>
    </ClCompile>
    <ClCompile Include="..\..\..\src\abi_x86\stdcall_thunk.cpp">
      <Filter>Source Files\src\abi_x86</Filter>
    </ClCompile>
    <ClCompile Include="..\..\..\src\_jni_interface.cpp">
      <Filter>Source Files\src</Filter>
    </ClCompile>
    <ClCompile Include="..\..\..\src\abi_x86\_jni_interface_x86.cpp">
      <Filter>Source Files\src\abi_x86</Filter>
    </ClCompile>
    <ClCompile Include="..\..\..\src\abi_amd64\invoke64.cpp">
      <Filter>Source Files\src\abi_x64</Filter>
    </ClCompile>
    <ClCompile Include="..\..\..\src\abi_amd64\register64.cpp">
      <Filter>Source Files\src\abi_x64</Filter>
    </ClCompile>
    <ClCompile Include="..\..\..\src\abi_amd64\thunk64.cpp">
      <Filter>Source Files\src\abi_x64</Filter>
    </ClCompile>
    <ClCompile Include="..\..\..\src\thunk.cpp">
      <Filter>Source Files\src</Filter>
    </ClCompile>
    <ClCompile Include="..\..\..\src\abi_amd64\test64.cpp">
      <Filter>Source Files\src\abi_x64</Filter>
    </ClCompile>
    <ClCompile Include="..\..\..\src\marshalling.cpp">
      <Filter>Source Files\src</Filter>
    </ClCompile>
    <ClCompile Include="..\..\..\src\abi_amd64\_jni_interface64.cpp">
      <Filter>Source Files\src\abi_x64</Filter>
    </ClCompile>
    <ClCompile Include="..\..\..\src\jsdi_callback.cpp">
      <Filter>Source Files\src</Filter>
    </ClCompile>
  </ItemGroup>
  <ItemGroup>
    <ResourceCompile Include="..\..\..\src\res\suneido.rc">
      <Filter>Resource Files</Filter>
    </ResourceCompile>
    <ResourceCompile Include="..\..\..\src\test_com\test_com.rc">
      <Filter>Resource Files</Filter>
    </ResourceCompile>
  </ItemGroup>
  <ItemGroup>
    <Midl Include="..\..\..\src\test_com\test_com.idl">
      <Filter>Source Files\src\test_com</Filter>
    </Midl>
  </ItemGroup>
  <ItemGroup>
    <MASM Include="..\..\..\src\abi_amd64\invoke64_ll.asm">
      <Filter>Source Files\src\abi_x64</Filter>
    </MASM>
  </ItemGroup>
  <ItemGroup>
    <None Include="..\..\..\src\test_exports.def">
      <Filter>Header Files\src</Filter>
    </None>
  </ItemGroup>
</Project>